// !$*UTF8*$!
{
	archiveVersion = 1;
	classes = {
	};
	objectVersion = 56;
	objects = {

/* Begin PBXBuildFile section */
		E02632752CBE2656000D4CBF /* FAXTimerApp.swift in Sources */ = {isa = PBXBuildFile; fileRef = E02632742CBE2656000D4CBF /* FAXTimerApp.swift */; };
		E02632772CBE2656000D4CBF /* ContentView.swift in Sources */ = {isa = PBXBuildFile; fileRef = E02632762CBE2656000D4CBF /* ContentView.swift */; };
		E02632792CBE2657000D4CBF /* Assets.xcassets in Resources */ = {isa = PBXBuildFile; fileRef = E02632782CBE2657000D4CBF /* Assets.xcassets */; };
		E026327D2CBE2657000D4CBF /* Preview Assets.xcassets in Resources */ = {isa = PBXBuildFile; fileRef = E026327C2CBE2657000D4CBF /* Preview Assets.xcassets */; };
		E02632872CBE2657000D4CBF /* FAXTimerTests.swift in Sources */ = {isa = PBXBuildFile; fileRef = E02632862CBE2657000D4CBF /* FAXTimerTests.swift */; };
		E02632912CBE2657000D4CBF /* FAXTimerUITests.swift in Sources */ = {isa = PBXBuildFile; fileRef = E02632902CBE2657000D4CBF /* FAXTimerUITests.swift */; };
		E02632932CBE2657000D4CBF /* FAXTimerUITestsLaunchTests.swift in Sources */ = {isa = PBXBuildFile; fileRef = E02632922CBE2657000D4CBF /* FAXTimerUITestsLaunchTests.swift */; };
		E02632A02CBE54B3000D4CBF /* EmployeeDataFetcher.swift in Sources */ = {isa = PBXBuildFile; fileRef = E026329F2CBE54B3000D4CBF /* EmployeeDataFetcher.swift */; };
		E02632A22CBE54F9000D4CBF /* AppData.swift in Sources */ = {isa = PBXBuildFile; fileRef = E02632A12CBE54F9000D4CBF /* AppData.swift */; };
		E02632A42CBE58E2000D4CBF /* MemberSettingsView.swift in Sources */ = {isa = PBXBuildFile; fileRef = E02632A32CBE58E2000D4CBF /* MemberSettingsView.swift */; };
		E02632A62CBE593A000D4CBF /* SendSetting1View.swift in Sources */ = {isa = PBXBuildFile; fileRef = E02632A52CBE593A000D4CBF /* SendSetting1View.swift */; };
		E02632A82CBE5946000D4CBF /* SendSetting2View.swift in Sources */ = {isa = PBXBuildFile; fileRef = E02632A72CBE5946000D4CBF /* SendSetting2View.swift */; };
		E02632AA2CBF5450000D4CBF /* SettingsManager.swift in Sources */ = {isa = PBXBuildFile; fileRef = E02632A92CBF5450000D4CBF /* SettingsManager.swift */; };
		E02632AC2CBF5A12000D4CBF /* MessageSender.swift in Sources */ = {isa = PBXBuildFile; fileRef = E02632AB2CBF5A12000D4CBF /* MessageSender.swift */; };
		E02632AE2CBF6061000D4CBF /* SendNoManager.swift .swift in Sources */ = {isa = PBXBuildFile; fileRef = E02632AD2CBF6061000D4CBF /* SendNoManager.swift .swift */; };
		E02632B02CBF74B5000D4CBF /* MessageScheduler.swift in Sources */ = {isa = PBXBuildFile; fileRef = E02632AF2CBF74B5000D4CBF /* MessageScheduler.swift */; };
		E02F8C9E2EC1E3E3006A0CF0 /* test.txt in Resources */ = {isa = PBXBuildFile; fileRef = E02F8C9D2EC1E3D7006A0CF0 /* test.txt */; };
/* End PBXBuildFile section */

/* Begin PBXContainerItemProxy section */
		E02632832CBE2657000D4CBF /* PBXContainerItemProxy */ = {
			isa = PBXContainerItemProxy;
			containerPortal = E02632692CBE2656000D4CBF /* Project object */;
			proxyType = 1;
			remoteGlobalIDString = E02632702CBE2656000D4CBF;
			remoteInfo = FAXTimer;
		};
		E026328D2CBE2657000D4CBF /* PBXContainerItemProxy */ = {
			isa = PBXContainerItemProxy;
			containerPortal = E02632692CBE2656000D4CBF /* Project object */;
			proxyType = 1;
			remoteGlobalIDString = E02632702CBE2656000D4CBF;
			remoteInfo = FAXTimer;
		};
/* End PBXContainerItemProxy section */

/* Begin PBXFileReference section */
		E02632712CBE2656000D4CBF /* FAXTimer.app */ = {isa = PBXFileReference; explicitFileType = wrapper.application; includeInIndex = 0; path = FAXTimer.app; sourceTree = BUILT_PRODUCTS_DIR; };
		E02632742CBE2656000D4CBF /* FAXTimerApp.swift */ = {isa = PBXFileReference; lastKnownFileType = sourcecode.swift; path = FAXTimerApp.swift; sourceTree = "<group>"; };
		E02632762CBE2656000D4CBF /* ContentView.swift */ = {isa = PBXFileReference; lastKnownFileType = sourcecode.swift; path = ContentView.swift; sourceTree = "<group>"; };
		E02632782CBE2657000D4CBF /* Assets.xcassets */ = {isa = PBXFileReference; lastKnownFileType = folder.assetcatalog; path = Assets.xcassets; sourceTree = "<group>"; };
		E026327A2CBE2657000D4CBF /* FAXTimer.entitlements */ = {isa = PBXFileReference; lastKnownFileType = text.plist.entitlements; path = FAXTimer.entitlements; sourceTree = "<group>"; };
		E026327C2CBE2657000D4CBF /* Preview Assets.xcassets */ = {isa = PBXFileReference; lastKnownFileType = folder.assetcatalog; path = "Preview Assets.xcassets"; sourceTree = "<group>"; };
		E02632822CBE2657000D4CBF /* FAXTimerTests.xctest */ = {isa = PBXFileReference; explicitFileType = wrapper.cfbundle; includeInIndex = 0; path = FAXTimerTests.xctest; sourceTree = BUILT_PRODUCTS_DIR; };
		E02632862CBE2657000D4CBF /* FAXTimerTests.swift */ = {isa = PBXFileReference; lastKnownFileType = sourcecode.swift; path = FAXTimerTests.swift; sourceTree = "<group>"; };
		E026328C2CBE2657000D4CBF /* FAXTimerUITests.xctest */ = {isa = PBXFileReference; explicitFileType = wrapper.cfbundle; includeInIndex = 0; path = FAXTimerUITests.xctest; sourceTree = BUILT_PRODUCTS_DIR; };
		E02632902CBE2657000D4CBF /* FAXTimerUITests.swift */ = {isa = PBXFileReference; lastKnownFileType = sourcecode.swift; path = FAXTimerUITests.swift; sourceTree = "<group>"; };
		E02632922CBE2657000D4CBF /* FAXTimerUITestsLaunchTests.swift */ = {isa = PBXFileReference; lastKnownFileType = sourcecode.swift; path = FAXTimerUITestsLaunchTests.swift; sourceTree = "<group>"; };
		E026329F2CBE54B3000D4CBF /* EmployeeDataFetcher.swift */ = {isa = PBXFileReference; lastKnownFileType = sourcecode.swift; path = EmployeeDataFetcher.swift; sourceTree = "<group>"; };
		E02632A12CBE54F9000D4CBF /* AppData.swift */ = {isa = PBXFileReference; lastKnownFileType = sourcecode.swift; path = AppData.swift; sourceTree = "<group>"; };
		E02632A32CBE58E2000D4CBF /* MemberSettingsView.swift */ = {isa = PBXFileReference; lastKnownFileType = sourcecode.swift; path = MemberSettingsView.swift; sourceTree = "<group>"; };
		E02632A52CBE593A000D4CBF /* SendSetting1View.swift */ = {isa = PBXFileReference; lastKnownFileType = sourcecode.swift; path = SendSetting1View.swift; sourceTree = "<group>"; };
		E02632A72CBE5946000D4CBF /* SendSetting2View.swift */ = {isa = PBXFileReference; lastKnownFileType = sourcecode.swift; path = SendSetting2View.swift; sourceTree = "<group>"; };
		E02632A92CBF5450000D4CBF /* SettingsManager.swift */ = {isa = PBXFileReference; lastKnownFileType = sourcecode.swift; path = SettingsManager.swift; sourceTree = "<group>"; };
		E02632AB2CBF5A12000D4CBF /* MessageSender.swift */ = {isa = PBXFileReference; lastKnownFileType = sourcecode.swift; path = MessageSender.swift; sourceTree = "<group>"; };
		E02632AD2CBF6061000D4CBF /* SendNoManager.swift .swift */ = {isa = PBXFileReference; lastKnownFileType = sourcecode.swift; path = "SendNoManager.swift .swift"; sourceTree = "<group>"; };
		E02632AF2CBF74B5000D4CBF /* MessageScheduler.swift */ = {isa = PBXFileReference; lastKnownFileType = sourcecode.swift; path = MessageScheduler.swift; sourceTree = "<group>"; };
		E02F8C9D2EC1E3D7006A0CF0 /* test.txt */ = {isa = PBXFileReference; lastKnownFileType = text; path = test.txt; sourceTree = "<group>"; };
/* End PBXFileReference section */

/* Begin PBXFrameworksBuildPhase section */
		E026326E2CBE2656000D4CBF /* Frameworks */ = {
			isa = PBXFrameworksBuildPhase;
			buildActionMask = 2147483647;
			files = (
			);
			runOnlyForDeploymentPostprocessing = 0;
		};
		E026327F2CBE2657000D4CBF /* Frameworks */ = {
			isa = PBXFrameworksBuildPhase;
			buildActionMask = 2147483647;
			files = (
			);
			runOnlyForDeploymentPostprocessing = 0;
		};
		E02632892CBE2657000D4CBF /* Frameworks */ = {
			isa = PBXFrameworksBuildPhase;
			buildActionMask = 2147483647;
			files = (
			);
			runOnlyForDeploymentPostprocessing = 0;
		};
/* End PBXFrameworksBuildPhase section */

/* Begin PBXGroup section */
		E02632682CBE2656000D4CBF = {
			isa = PBXGroup;
			children = (
				E02632732CBE2656000D4CBF /* FAXTimer */,
				E02632852CBE2657000D4CBF /* FAXTimerTests */,
				E026328F2CBE2657000D4CBF /* FAXTimerUITests */,
				E02632722CBE2656000D4CBF /* Products */,
			);
			sourceTree = "<group>";
		};
		E02632722CBE2656000D4CBF /* Products */ = {
			isa = PBXGroup;
			children = (
				E02632712CBE2656000D4CBF /* FAXTimer.app */,
				E02632822CBE2657000D4CBF /* FAXTimerTests.xctest */,
				E026328C2CBE2657000D4CBF /* FAXTimerUITests.xctest */,
			);
			name = Products;
			sourceTree = "<group>";
		};
		E02632732CBE2656000D4CBF /* FAXTimer */ = {
			isa = PBXGroup;
			children = (
				E02632742CBE2656000D4CBF /* FAXTimerApp.swift */,
				E02632762CBE2656000D4CBF /* ContentView.swift */,
				E02632AD2CBF6061000D4CBF /* SendNoManager.swift .swift */,
				E026329F2CBE54B3000D4CBF /* EmployeeDataFetcher.swift */,
				E02632AF2CBF74B5000D4CBF /* MessageScheduler.swift */,
				E02632A92CBF5450000D4CBF /* SettingsManager.swift */,
				E02632AB2CBF5A12000D4CBF /* MessageSender.swift */,
				E02632A12CBE54F9000D4CBF /* AppData.swift */,
				E02632A32CBE58E2000D4CBF /* MemberSettingsView.swift */,
				E02632A52CBE593A000D4CBF /* SendSetting1View.swift */,
				E02632A72CBE5946000D4CBF /* SendSetting2View.swift */,
				E02632782CBE2657000D4CBF /* Assets.xcassets */,
				E02F8C9D2EC1E3D7006A0CF0 /* test.txt */,
				E026327A2CBE2657000D4CBF /* FAXTimer.entitlements */,
				E026327B2CBE2657000D4CBF /* Preview Content */,
			);
			path = FAXTimer;
			sourceTree = "<group>";
		};
		E026327B2CBE2657000D4CBF /* Preview Content */ = {
			isa = PBXGroup;
			children = (
				E026327C2CBE2657000D4CBF /* Preview Assets.xcassets */,
			);
			path = "Preview Content";
			sourceTree = "<group>";
		};
		E02632852CBE2657000D4CBF /* FAXTimerTests */ = {
			isa = PBXGroup;
			children = (
				E02632862CBE2657000D4CBF /* FAXTimerTests.swift */,
			);
			path = FAXTimerTests;
			sourceTree = "<group>";
		};
		E026328F2CBE2657000D4CBF /* FAXTimerUITests */ = {
			isa = PBXGroup;
			children = (
				E02632902CBE2657000D4CBF /* FAXTimerUITests.swift */,
				E02632922CBE2657000D4CBF /* FAXTimerUITestsLaunchTests.swift */,
			);
			path = FAXTimerUITests;
			sourceTree = "<group>";
		};
/* End PBXGroup section */

/* Begin PBXNativeTarget section */
		E02632702CBE2656000D4CBF /* FAXTimer */ = {
			isa = PBXNativeTarget;
			buildConfigurationList = E02632962CBE2657000D4CBF /* Build configuration list for PBXNativeTarget "FAXTimer" */;
			buildPhases = (
				E026326D2CBE2656000D4CBF /* Sources */,
				E026326E2CBE2656000D4CBF /* Frameworks */,
				E026326F2CBE2656000D4CBF /* Resources */,
			);
			buildRules = (
			);
			dependencies = (
			);
			name = FAXTimer;
			productName = FAXTimer;
			productReference = E02632712CBE2656000D4CBF /* FAXTimer.app */;
			productType = "com.apple.product-type.application";
		};
		E02632812CBE2657000D4CBF /* FAXTimerTests */ = {
			isa = PBXNativeTarget;
			buildConfigurationList = E02632992CBE2657000D4CBF /* Build configuration list for PBXNativeTarget "FAXTimerTests" */;
			buildPhases = (
				E026327E2CBE2657000D4CBF /* Sources */,
				E026327F2CBE2657000D4CBF /* Frameworks */,
				E02632802CBE2657000D4CBF /* Resources */,
			);
			buildRules = (
			);
			dependencies = (
				E02632842CBE2657000D4CBF /* PBXTargetDependency */,
			);
			name = FAXTimerTests;
			productName = FAXTimerTests;
			productReference = E02632822CBE2657000D4CBF /* FAXTimerTests.xctest */;
			productType = "com.apple.product-type.bundle.unit-test";
		};
		E026328B2CBE2657000D4CBF /* FAXTimerUITests */ = {
			isa = PBXNativeTarget;
			buildConfigurationList = E026329C2CBE2657000D4CBF /* Build configuration list for PBXNativeTarget "FAXTimerUITests" */;
			buildPhases = (
				E02632882CBE2657000D4CBF /* Sources */,
				E02632892CBE2657000D4CBF /* Frameworks */,
				E026328A2CBE2657000D4CBF /* Resources */,
			);
			buildRules = (
			);
			dependencies = (
				E026328E2CBE2657000D4CBF /* PBXTargetDependency */,
			);
			name = FAXTimerUITests;
			productName = FAXTimerUITests;
			productReference = E026328C2CBE2657000D4CBF /* FAXTimerUITests.xctest */;
			productType = "com.apple.product-type.bundle.ui-testing";
		};
/* End PBXNativeTarget section */

/* Begin PBXProject section */
		E02632692CBE2656000D4CBF /* Project object */ = {
			isa = PBXProject;
			attributes = {
				BuildIndependentTargetsInParallel = 1;
				LastSwiftUpdateCheck = 1540;
				LastUpgradeCheck = 1540;
				TargetAttributes = {
					E02632702CBE2656000D4CBF = {
						CreatedOnToolsVersion = 15.4;
					};
					E02632812CBE2657000D4CBF = {
						CreatedOnToolsVersion = 15.4;
						TestTargetID = E02632702CBE2656000D4CBF;
					};
					E026328B2CBE2657000D4CBF = {
						CreatedOnToolsVersion = 15.4;
						TestTargetID = E02632702CBE2656000D4CBF;
					};
				};
			};
			buildConfigurationList = E026326C2CBE2656000D4CBF /* Build configuration list for PBXProject "FAXTimer" */;
			compatibilityVersion = "Xcode 14.0";
			developmentRegion = en;
			hasScannedForEncodings = 0;
			knownRegions = (
				en,
				Base,
			);
			mainGroup = E02632682CBE2656000D4CBF;
			productRefGroup = E02632722CBE2656000D4CBF /* Products */;
			projectDirPath = "";
			projectRoot = "";
			targets = (
				E02632702CBE2656000D4CBF /* FAXTimer */,
				E02632812CBE2657000D4CBF /* FAXTimerTests */,
				E026328B2CBE2657000D4CBF /* FAXTimerUITests */,
			);
		};
/* End PBXProject section */

/* Begin PBXResourcesBuildPhase section */
		E026326F2CBE2656000D4CBF /* Resources */ = {
			isa = PBXResourcesBuildPhase;
			buildActionMask = 2147483647;
			files = (
				E026327D2CBE2657000D4CBF /* Preview Assets.xcassets in Resources */,
				E02F8C9E2EC1E3E3006A0CF0 /* test.txt in Resources */,
				E02632792CBE2657000D4CBF /* Assets.xcassets in Resources */,
			);
			runOnlyForDeploymentPostprocessing = 0;
		};
		E02632802CBE2657000D4CBF /* Resources */ = {
			isa = PBXResourcesBuildPhase;
			buildActionMask = 2147483647;
			files = (
			);
			runOnlyForDeploymentPostprocessing = 0;
		};
		E026328A2CBE2657000D4CBF /* Resources */ = {
			isa = PBXResourcesBuildPhase;
			buildActionMask = 2147483647;
			files = (
			);
			runOnlyForDeploymentPostprocessing = 0;
		};
/* End PBXResourcesBuildPhase section */

/* Begin PBXSourcesBuildPhase section */
		E026326D2CBE2656000D4CBF /* Sources */ = {
			isa = PBXSourcesBuildPhase;
			buildActionMask = 2147483647;
			files = (
				E02632B02CBF74B5000D4CBF /* MessageScheduler.swift in Sources */,
				E02632772CBE2656000D4CBF /* ContentView.swift in Sources */,
				E02632AC2CBF5A12000D4CBF /* MessageSender.swift in Sources */,
				E02632A62CBE593A000D4CBF /* SendSetting1View.swift in Sources */,
				E02632A02CBE54B3000D4CBF /* EmployeeDataFetcher.swift in Sources */,
				E02632AE2CBF6061000D4CBF /* SendNoManager.swift .swift in Sources */,
				E02632752CBE2656000D4CBF /* FAXTimerApp.swift in Sources */,
				E02632AA2CBF5450000D4CBF /* SettingsManager.swift in Sources */,
				E02632A22CBE54F9000D4CBF /* AppData.swift in Sources */,
				E02632A82CBE5946000D4CBF /* SendSetting2View.swift in Sources */,
				E02632A42CBE58E2000D4CBF /* MemberSettingsView.swift in Sources */,
			);
			runOnlyForDeploymentPostprocessing = 0;
		};
		E026327E2CBE2657000D4CBF /* Sources */ = {
			isa = PBXSourcesBuildPhase;
			buildActionMask = 2147483647;
			files = (
				E02632872CBE2657000D4CBF /* FAXTimerTests.swift in Sources */,
			);
			runOnlyForDeploymentPostprocessing = 0;
		};
		E02632882CBE2657000D4CBF /* Sources */ = {
			isa = PBXSourcesBuildPhase;
			buildActionMask = 2147483647;
			files = (
				E02632932CBE2657000D4CBF /* FAXTimerUITestsLaunchTests.swift in Sources */,
				E02632912CBE2657000D4CBF /* FAXTimerUITests.swift in Sources */,
			);
			runOnlyForDeploymentPostprocessing = 0;
		};
/* End PBXSourcesBuildPhase section */

/* Begin PBXTargetDependency section */
		E02632842CBE2657000D4CBF /* PBXTargetDependency */ = {
			isa = PBXTargetDependency;
			target = E02632702CBE2656000D4CBF /* FAXTimer */;
			targetProxy = E02632832CBE2657000D4CBF /* PBXContainerItemProxy */;
		};
		E026328E2CBE2657000D4CBF /* PBXTargetDependency */ = {
			isa = PBXTargetDependency;
			target = E02632702CBE2656000D4CBF /* FAXTimer */;
			targetProxy = E026328D2CBE2657000D4CBF /* PBXContainerItemProxy */;
		};
/* End PBXTargetDependency section */

/* Begin XCBuildConfiguration section */
		E02632942CBE2657000D4CBF /* Debug */ = {
			isa = XCBuildConfiguration;
			buildSettings = {
				ALWAYS_SEARCH_USER_PATHS = NO;
				ASSETCATALOG_COMPILER_GENERATE_SWIFT_ASSET_SYMBOL_EXTENSIONS = YES;
				CLANG_ANALYZER_NONNULL = YES;
				CLANG_ANALYZER_NUMBER_OBJECT_CONVERSION = YES_AGGRESSIVE;
				CLANG_CXX_LANGUAGE_STANDARD = "gnu++20";
				CLANG_ENABLE_MODULES = YES;
				CLANG_ENABLE_OBJC_ARC = YES;
				CLANG_ENABLE_OBJC_WEAK = YES;
				CLANG_WARN_BLOCK_CAPTURE_AUTORELEASING = YES;
				CLANG_WARN_BOOL_CONVERSION = YES;
				CLANG_WARN_COMMA = YES;
				CLANG_WARN_CONSTANT_CONVERSION = YES;
				CLANG_WARN_DEPRECATED_OBJC_IMPLEMENTATIONS = YES;
				CLANG_WARN_DIRECT_OBJC_ISA_USAGE = YES_ERROR;
				CLANG_WARN_DOCUMENTATION_COMMENTS = YES;
				CLANG_WARN_EMPTY_BODY = YES;
				CLANG_WARN_ENUM_CONVERSION = YES;
				CLANG_WARN_INFINITE_RECURSION = YES;
				CLANG_WARN_INT_CONVERSION = YES;
				CLANG_WARN_NON_LITERAL_NULL_CONVERSION = YES;
				CLANG_WARN_OBJC_IMPLICIT_RETAIN_SELF = YES;
				CLANG_WARN_OBJC_LITERAL_CONVERSION = YES;
				CLANG_WARN_OBJC_ROOT_CLASS = YES_ERROR;
				CLANG_WARN_QUOTED_INCLUDE_IN_FRAMEWORK_HEADER = YES;
				CLANG_WARN_RANGE_LOOP_ANALYSIS = YES;
				CLANG_WARN_STRICT_PROTOTYPES = YES;
				CLANG_WARN_SUSPICIOUS_MOVE = YES;
				CLANG_WARN_UNGUARDED_AVAILABILITY = YES_AGGRESSIVE;
				CLANG_WARN_UNREACHABLE_CODE = YES;
				CLANG_WARN__DUPLICATE_METHOD_MATCH = YES;
				COPY_PHASE_STRIP = NO;
				DEBUG_INFORMATION_FORMAT = dwarf;
				ENABLE_STRICT_OBJC_MSGSEND = YES;
				ENABLE_TESTABILITY = YES;
				ENABLE_USER_SCRIPT_SANDBOXING = YES;
				GCC_C_LANGUAGE_STANDARD = gnu17;
				GCC_DYNAMIC_NO_PIC = NO;
				GCC_NO_COMMON_BLOCKS = YES;
				GCC_OPTIMIZATION_LEVEL = 0;
				GCC_PREPROCESSOR_DEFINITIONS = (
					"DEBUG=1",
					"$(inherited)",
				);
				GCC_WARN_64_TO_32_BIT_CONVERSION = YES;
				GCC_WARN_ABOUT_RETURN_TYPE = YES_ERROR;
				GCC_WARN_UNDECLARED_SELECTOR = YES;
				GCC_WARN_UNINITIALIZED_AUTOS = YES_AGGRESSIVE;
				GCC_WARN_UNUSED_FUNCTION = YES;
				GCC_WARN_UNUSED_VARIABLE = YES;
				LOCALIZATION_PREFERS_STRING_CATALOGS = YES;
				MTL_ENABLE_DEBUG_INFO = INCLUDE_SOURCE;
				MTL_FAST_MATH = YES;
				ONLY_ACTIVE_ARCH = YES;
				SWIFT_ACTIVE_COMPILATION_CONDITIONS = "DEBUG $(inherited)";
				SWIFT_OPTIMIZATION_LEVEL = "-Onone";
			};
			name = Debug;
		};
		E02632952CBE2657000D4CBF /* Release */ = {
			isa = XCBuildConfiguration;
			buildSettings = {
				ALWAYS_SEARCH_USER_PATHS = NO;
				ASSETCATALOG_COMPILER_GENERATE_SWIFT_ASSET_SYMBOL_EXTENSIONS = YES;
				CLANG_ANALYZER_NONNULL = YES;
				CLANG_ANALYZER_NUMBER_OBJECT_CONVERSION = YES_AGGRESSIVE;
				CLANG_CXX_LANGUAGE_STANDARD = "gnu++20";
				CLANG_ENABLE_MODULES = YES;
				CLANG_ENABLE_OBJC_ARC = YES;
				CLANG_ENABLE_OBJC_WEAK = YES;
				CLANG_WARN_BLOCK_CAPTURE_AUTORELEASING = YES;
				CLANG_WARN_BOOL_CONVERSION = YES;
				CLANG_WARN_COMMA = YES;
				CLANG_WARN_CONSTANT_CONVERSION = YES;
				CLANG_WARN_DEPRECATED_OBJC_IMPLEMENTATIONS = YES;
				CLANG_WARN_DIRECT_OBJC_ISA_USAGE = YES_ERROR;
				CLANG_WARN_DOCUMENTATION_COMMENTS = YES;
				CLANG_WARN_EMPTY_BODY = YES;
				CLANG_WARN_ENUM_CONVERSION = YES;
				CLANG_WARN_INFINITE_RECURSION = YES;
				CLANG_WARN_INT_CONVERSION = YES;
				CLANG_WARN_NON_LITERAL_NULL_CONVERSION = YES;
				CLANG_WARN_OBJC_IMPLICIT_RETAIN_SELF = YES;
				CLANG_WARN_OBJC_LITERAL_CONVERSION = YES;
				CLANG_WARN_OBJC_ROOT_CLASS = YES_ERROR;
				CLANG_WARN_QUOTED_INCLUDE_IN_FRAMEWORK_HEADER = YES;
				CLANG_WARN_RANGE_LOOP_ANALYSIS = YES;
				CLANG_WARN_STRICT_PROTOTYPES = YES;
				CLANG_WARN_SUSPICIOUS_MOVE = YES;
				CLANG_WARN_UNGUARDED_AVAILABILITY = YES_AGGRESSIVE;
				CLANG_WARN_UNREACHABLE_CODE = YES;
				CLANG_WARN__DUPLICATE_METHOD_MATCH = YES;
				COPY_PHASE_STRIP = NO;
				DEBUG_INFORMATION_FORMAT = "dwarf-with-dsym";
				ENABLE_NS_ASSERTIONS = NO;
				ENABLE_STRICT_OBJC_MSGSEND = YES;
				ENABLE_USER_SCRIPT_SANDBOXING = YES;
				GCC_C_LANGUAGE_STANDARD = gnu17;
				GCC_NO_COMMON_BLOCKS = YES;
				GCC_WARN_64_TO_32_BIT_CONVERSION = YES;
				GCC_WARN_ABOUT_RETURN_TYPE = YES_ERROR;
				GCC_WARN_UNDECLARED_SELECTOR = YES;
				GCC_WARN_UNINITIALIZED_AUTOS = YES_AGGRESSIVE;
				GCC_WARN_UNUSED_FUNCTION = YES;
				GCC_WARN_UNUSED_VARIABLE = YES;
				LOCALIZATION_PREFERS_STRING_CATALOGS = YES;
				MTL_ENABLE_DEBUG_INFO = NO;
				MTL_FAST_MATH = YES;
				SWIFT_COMPILATION_MODE = wholemodule;
			};
			name = Release;
		};
		E02632972CBE2657000D4CBF /* Debug */ = {
			isa = XCBuildConfiguration;
			buildSettings = {
				ASSETCATALOG_COMPILER_APPICON_NAME = AppIcon;
				ASSETCATALOG_COMPILER_GLOBAL_ACCENT_COLOR_NAME = AccentColor;
				CODE_SIGN_ENTITLEMENTS = FAXTimer/FAXTimer.entitlements;
				CODE_SIGN_STYLE = Automatic;
				CURRENT_PROJECT_VERSION = 1;
				DEVELOPMENT_ASSET_PATHS = "\"FAXTimer/Preview Content\"";
				DEVELOPMENT_TEAM = 4L99LF5LU5;
				ENABLE_HARDENED_RUNTIME = YES;
				ENABLE_PREVIEWS = YES;
				GENERATE_INFOPLIST_FILE = YES;
				"INFOPLIST_KEY_UIApplicationSceneManifest_Generation[sdk=iphoneos*]" = YES;
				"INFOPLIST_KEY_UIApplicationSceneManifest_Generation[sdk=iphonesimulator*]" = YES;
				"INFOPLIST_KEY_UIApplicationSupportsIndirectInputEvents[sdk=iphoneos*]" = YES;
				"INFOPLIST_KEY_UIApplicationSupportsIndirectInputEvents[sdk=iphonesimulator*]" = YES;
				"INFOPLIST_KEY_UILaunchScreen_Generation[sdk=iphoneos*]" = YES;
				"INFOPLIST_KEY_UILaunchScreen_Generation[sdk=iphonesimulator*]" = YES;
				"INFOPLIST_KEY_UIStatusBarStyle[sdk=iphoneos*]" = UIStatusBarStyleDefault;
				"INFOPLIST_KEY_UIStatusBarStyle[sdk=iphonesimulator*]" = UIStatusBarStyleDefault;
				INFOPLIST_KEY_UISupportedInterfaceOrientations_iPad = "UIInterfaceOrientationPortrait UIInterfaceOrientationPortraitUpsideDown UIInterfaceOrientationLandscapeLeft UIInterfaceOrientationLandscapeRight";
				INFOPLIST_KEY_UISupportedInterfaceOrientations_iPhone = "UIInterfaceOrientationPortrait UIInterfaceOrientationLandscapeLeft UIInterfaceOrientationLandscapeRight";
				IPHONEOS_DEPLOYMENT_TARGET = 17.5;
				LD_RUNPATH_SEARCH_PATHS = "@executable_path/Frameworks";
				"LD_RUNPATH_SEARCH_PATHS[sdk=macosx*]" = "@executable_path/../Frameworks";
				MACOSX_DEPLOYMENT_TARGET = 14.5;
				MARKETING_VERSION = 1.0;
				PRODUCT_BUNDLE_IDENTIFIER = Tk.FAXTimer;
				PRODUCT_NAME = "$(TARGET_NAME)";
				SDKROOT = auto;
				SUPPORTED_PLATFORMS = "iphoneos iphonesimulator macosx";
				SWIFT_EMIT_LOC_STRINGS = YES;
				SWIFT_VERSION = 5.0;
				TARGETED_DEVICE_FAMILY = "1,2";
			};
			name = Debug;
		};
		E02632982CBE2657000D4CBF /* Release */ = {
			isa = XCBuildConfiguration;
			buildSettings = {
				ASSETCATALOG_COMPILER_APPICON_NAME = AppIcon;
				ASSETCATALOG_COMPILER_GLOBAL_ACCENT_COLOR_NAME = AccentColor;
				CODE_SIGN_ENTITLEMENTS = FAXTimer/FAXTimer.entitlements;
				CODE_SIGN_STYLE = Automatic;
				CURRENT_PROJECT_VERSION = 1;
				DEVELOPMENT_ASSET_PATHS = "\"FAXTimer/Preview Content\"";
				DEVELOPMENT_TEAM = 4L99LF5LU5;
				ENABLE_HARDENED_RUNTIME = YES;
				ENABLE_PREVIEWS = YES;
				GENERATE_INFOPLIST_FILE = YES;
				"INFOPLIST_KEY_UIApplicationSceneManifest_Generation[sdk=iphoneos*]" = YES;
				"INFOPLIST_KEY_UIApplicationSceneManifest_Generation[sdk=iphonesimulator*]" = YES;
				"INFOPLIST_KEY_UIApplicationSupportsIndirectInputEvents[sdk=iphoneos*]" = YES;
				"INFOPLIST_KEY_UIApplicationSupportsIndirectInputEvents[sdk=iphonesimulator*]" = YES;
				"INFOPLIST_KEY_UILaunchScreen_Generation[sdk=iphoneos*]" = YES;
				"INFOPLIST_KEY_UILaunchScreen_Generation[sdk=iphonesimulator*]" = YES;
				"INFOPLIST_KEY_UIStatusBarStyle[sdk=iphoneos*]" = UIStatusBarStyleDefault;
				"INFOPLIST_KEY_UIStatusBarStyle[sdk=iphonesimulator*]" = UIStatusBarStyleDefault;
				INFOPLIST_KEY_UISupportedInterfaceOrientations_iPad = "UIInterfaceOrientationPortrait UIInterfaceOrientationPortraitUpsideDown UIInterfaceOrientationLandscapeLeft UIInterfaceOrientationLandscapeRight";
				INFOPLIST_KEY_UISupportedInterfaceOrientations_iPhone = "UIInterfaceOrientationPortrait UIInterfaceOrientationLandscapeLeft UIInterfaceOrientationLandscapeRight";
				IPHONEOS_DEPLOYMENT_TARGET = 17.5;
				LD_RUNPATH_SEARCH_PATHS = "@executable_path/Frameworks";
				"LD_RUNPATH_SEARCH_PATHS[sdk=macosx*]" = "@executable_path/../Frameworks";
				MACOSX_DEPLOYMENT_TARGET = 14.5;
				MARKETING_VERSION = 1.0;
				PRODUCT_BUNDLE_IDENTIFIER = Tk.FAXTimer;
				PRODUCT_NAME = "$(TARGET_NAME)";
				SDKROOT = auto;
				SUPPORTED_PLATFORMS = "iphoneos iphonesimulator macosx";
				SWIFT_EMIT_LOC_STRINGS = YES;
				SWIFT_VERSION = 5.0;
				TARGETED_DEVICE_FAMILY = "1,2";
			};
			name = Release;
		};
		E026329A2CBE2657000D4CBF /* Debug */ = {
			isa = XCBuildConfiguration;
			buildSettings = {
				ALWAYS_EMBED_SWIFT_STANDARD_LIBRARIES = YES;
				BUNDLE_LOADER = "$(TEST_HOST)";
				CODE_SIGN_STYLE = Automatic;
				CURRENT_PROJECT_VERSION = 1;
				DEVELOPMENT_TEAM = 4L99LF5LU5;
				GENERATE_INFOPLIST_FILE = YES;
				IPHONEOS_DEPLOYMENT_TARGET = 17.5;
				MACOSX_DEPLOYMENT_TARGET = 14.5;
				MARKETING_VERSION = 1.0;
				PRODUCT_BUNDLE_IDENTIFIER = Tk.FAXTimerTests;
				PRODUCT_NAME = "$(TARGET_NAME)";
				SDKROOT = auto;
				SUPPORTED_PLATFORMS = "iphoneos iphonesimulator macosx";
				SWIFT_EMIT_LOC_STRINGS = NO;
				SWIFT_VERSION = 5.0;
				TARGETED_DEVICE_FAMILY = "1,2";
				TEST_HOST = "$(BUILT_PRODUCTS_DIR)/FAXTimer.app/$(BUNDLE_EXECUTABLE_FOLDER_PATH)/FAXTimer";
			};
			name = Debug;
		};
		E026329B2CBE2657000D4CBF /* Release */ = {
			isa = XCBuildConfiguration;
			buildSettings = {
				ALWAYS_EMBED_SWIFT_STANDARD_LIBRARIES = YES;
				BUNDLE_LOADER = "$(TEST_HOST)";
				CODE_SIGN_STYLE = Automatic;
				CURRENT_PROJECT_VERSION = 1;
				DEVELOPMENT_TEAM = 4L99LF5LU5;
				GENERATE_INFOPLIST_FILE = YES;
				IPHONEOS_DEPLOYMENT_TARGET = 17.5;
				MACOSX_DEPLOYMENT_TARGET = 14.5;
				MARKETING_VERSION = 1.0;
				PRODUCT_BUNDLE_IDENTIFIER = Tk.FAXTimerTests;
				PRODUCT_NAME = "$(TARGET_NAME)";
				SDKROOT = auto;
				SUPPORTED_PLATFORMS = "iphoneos iphonesimulator macosx";
				SWIFT_EMIT_LOC_STRINGS = NO;
				SWIFT_VERSION = 5.0;
				TARGETED_DEVICE_FAMILY = "1,2";
				TEST_HOST = "$(BUILT_PRODUCTS_DIR)/FAXTimer.app/$(BUNDLE_EXECUTABLE_FOLDER_PATH)/FAXTimer";
			};
			name = Release;
		};
		E026329D2CBE2657000D4CBF /* Debug */ = {
			isa = XCBuildConfiguration;
			buildSettings = {
				ALWAYS_EMBED_SWIFT_STANDARD_LIBRARIES = YES;
				CODE_SIGN_STYLE = Automatic;
				CURRENT_PROJECT_VERSION = 1;
				DEVELOPMENT_TEAM = 4L99LF5LU5;
				GENERATE_INFOPLIST_FILE = YES;
				IPHONEOS_DEPLOYMENT_TARGET = 17.5;
				MACOSX_DEPLOYMENT_TARGET = 14.5;
				MARKETING_VERSION = 1.0;
				PRODUCT_BUNDLE_IDENTIFIER = Tk.FAXTimerUITests;
				PRODUCT_NAME = "$(TARGET_NAME)";
				SDKROOT = auto;
				SUPPORTED_PLATFORMS = "iphoneos iphonesimulator macosx";
				SWIFT_EMIT_LOC_STRINGS = NO;
				SWIFT_VERSION = 5.0;
				TARGETED_DEVICE_FAMILY = "1,2";
				TEST_TARGET_NAME = FAXTimer;
			};
			name = Debug;
		};
		E026329E2CBE2657000D4CBF /* Release */ = {
			isa = XCBuildConfiguration;
			buildSettings = {
				ALWAYS_EMBED_SWIFT_STANDARD_LIBRARIES = YES;
				CODE_SIGN_STYLE = Automatic;
				CURRENT_PROJECT_VERSION = 1;
				DEVELOPMENT_TEAM = 4L99LF5LU5;
				GENERATE_INFOPLIST_FILE = YES;
				IPHONEOS_DEPLOYMENT_TARGET = 17.5;
				MACOSX_DEPLOYMENT_TARGET = 14.5;
				MARKETING_VERSION = 1.0;
				PRODUCT_BUNDLE_IDENTIFIER = Tk.FAXTimerUITests;
				PRODUCT_NAME = "$(TARGET_NAME)";
				SDKROOT = auto;
				SUPPORTED_PLATFORMS = "iphoneos iphonesimulator macosx";
				SWIFT_EMIT_LOC_STRINGS = NO;
				SWIFT_VERSION = 5.0;
				TARGETED_DEVICE_FAMILY = "1,2";
				TEST_TARGET_NAME = FAXTimer;
			};
			name = Release;
		};
/* End XCBuildConfiguration section */

/* Begin XCConfigurationList section */
		E026326C2CBE2656000D4CBF /* Build configuration list for PBXProject "FAXTimer" */ = {
			isa = XCConfigurationList;
			buildConfigurations = (
				E02632942CBE2657000D4CBF /* Debug */,
				E02632952CBE2657000D4CBF /* Release */,
			);
			defaultConfigurationIsVisible = 0;
			defaultConfigurationName = Release;
		};
		E02632962CBE2657000D4CBF /* Build configuration list for PBXNativeTarget "FAXTimer" */ = {
			isa = XCConfigurationList;
			buildConfigurations = (
				E02632972CBE2657000D4CBF /* Debug */,
				E02632982CBE2657000D4CBF /* Release */,
			);
			defaultConfigurationIsVisible = 0;
			defaultConfigurationName = Release;
		};
		E02632992CBE2657000D4CBF /* Build configuration list for PBXNativeTarget "FAXTimerTests" */ = {
			isa = XCConfigurationList;
			buildConfigurations = (
				E026329A2CBE2657000D4CBF /* Debug */,
				E026329B2CBE2657000D4CBF /* Release */,
			);
			defaultConfigurationIsVisible = 0;
			defaultConfigurationName = Release;
		};
		E026329C2CBE2657000D4CBF /* Build configuration list for PBXNativeTarget "FAXTimerUITests" */ = {
			isa = XCConfigurationList;
			buildConfigurations = (
				E026329D2CBE2657000D4CBF /* Debug */,
				E026329E2CBE2657000D4CBF /* Release */,
			);
			defaultConfigurationIsVisible = 0;
			defaultConfigurationName = Release;
		};
/* End XCConfigurationList section */
	};
	rootObject = E02632692CBE2656000D4CBF /* Project object */;
}
